PODS:
  - XLLoger (0.0.2):
    - XLLoger/Assets (= 0.0.2)
    - XLLoger/Classes (= 0.0.2)
  - XLLoger/Assets (0.0.2)
  - XLLoger/Classes (0.0.2)

DEPENDENCIES:
  - XLLoger (from `../`)

EXTERNAL SOURCES:
  XLLoger:
    :path: "../"

SPEC CHECKSUMS:
  XLLoger: 8dcf968883a231faf8aa2584d4264abea7fd5677

PODFILE CHECKSUM: 1ad06706d9e3cd40584d6305d2eca2aa223b474d

COCOAPODS: 1.10.0
